
Microsoft Visual Studio Solution File, Format Version 12.00
# Visual Studio 2012
Project("{FAE04EC0-301F-11D3-BF4B-00C04F79EFBC}") = "CodeGEN", "CodeGEN\CodeGEN.csproj", "{7E8B3A50-65C7-4295-AD42-D275CB8CABF9}"
EndProject
Project("{FAE04EC0-301F-11D3-BF4B-00C04F79EFBC}") = "TallTek.Utilities", "TallTek.Utilities\TallTek.Utilities.csproj", "{3A851B8C-5080-4DC4-9CC1-B294B3EB3AF7}"
EndProject
Project("{2150E333-8FDC-42A3-9474-1A3956D46DE8}") = "References", "References", "{DE36E76C-2860-4B5A-B6D8-29754A07C8DC}"
	ProjectSection(SolutionItems) = preProject
		_References\Microsoft.SqlServer.ConnectionInfo.dll = _References\Microsoft.SqlServer.ConnectionInfo.dll
		_References\Microsoft.SqlServer.Management.Sdk.Sfc.dll = _References\Microsoft.SqlServer.Management.Sdk.Sfc.dll
		_References\Microsoft.SqlServer.Smo.dll = _References\Microsoft.SqlServer.Smo.dll
		_References\Microsoft.SqlServer.SqlEnum.dll = _References\Microsoft.SqlServer.SqlEnum.dll
		_References\Microsoft.VisualStudio.Modeling.Sdk.10.0.dll = _References\Microsoft.VisualStudio.Modeling.Sdk.10.0.dll
		_References\Microsoft.VisualStudio.TextTemplating.10.0.dll = _References\Microsoft.VisualStudio.TextTemplating.10.0.dll
		_References\Microsoft.VisualStudio.TextTemplating.Interfaces.10.0.dll = _References\Microsoft.VisualStudio.TextTemplating.Interfaces.10.0.dll
		_References\Microsoft.VisualStudio.TextTemplating.VSHost.10.0.dll = _References\Microsoft.VisualStudio.TextTemplating.VSHost.10.0.dll
	EndProjectSection
EndProject
Project("{FAE04EC0-301F-11D3-BF4B-00C04F79EFBC}") = "TallTek.WPF", "TallTek.WPF\TallTek.WPF.csproj", "{0316A1E5-1076-467E-B2E7-B2624117BA5A}"
EndProject
Project("{2150E333-8FDC-42A3-9474-1A3956D46DE8}") = "Templates", "Templates", "{DC067A9B-D62A-4745-BB12-7EAE433C22F9}"
EndProject
Project("{2150E333-8FDC-42A3-9474-1A3956D46DE8}") = "StoredProcedures", "StoredProcedures", "{972631F8-E2AB-41E5-9FC2-034E11BD4259}"
	ProjectSection(SolutionItems) = preProject
		Templates\test.tt = Templates\test.tt
	EndProjectSection
EndProject
Global
	GlobalSection(SolutionConfigurationPlatforms) = preSolution
		Debug|Any CPU = Debug|Any CPU
		Release|Any CPU = Release|Any CPU
	EndGlobalSection
	GlobalSection(ProjectConfigurationPlatforms) = postSolution
		{7E8B3A50-65C7-4295-AD42-D275CB8CABF9}.Debug|Any CPU.ActiveCfg = Debug|Any CPU
		{7E8B3A50-65C7-4295-AD42-D275CB8CABF9}.Debug|Any CPU.Build.0 = Debug|Any CPU
		{7E8B3A50-65C7-4295-AD42-D275CB8CABF9}.Release|Any CPU.ActiveCfg = Release|Any CPU
		{7E8B3A50-65C7-4295-AD42-D275CB8CABF9}.Release|Any CPU.Build.0 = Release|Any CPU
		{3A851B8C-5080-4DC4-9CC1-B294B3EB3AF7}.Debug|Any CPU.ActiveCfg = Debug|Any CPU
		{3A851B8C-5080-4DC4-9CC1-B294B3EB3AF7}.Debug|Any CPU.Build.0 = Debug|Any CPU
		{3A851B8C-5080-4DC4-9CC1-B294B3EB3AF7}.Release|Any CPU.ActiveCfg = Release|Any CPU
		{3A851B8C-5080-4DC4-9CC1-B294B3EB3AF7}.Release|Any CPU.Build.0 = Release|Any CPU
		{0316A1E5-1076-467E-B2E7-B2624117BA5A}.Debug|Any CPU.ActiveCfg = Debug|Any CPU
		{0316A1E5-1076-467E-B2E7-B2624117BA5A}.Debug|Any CPU.Build.0 = Debug|Any CPU
		{0316A1E5-1076-467E-B2E7-B2624117BA5A}.Release|Any CPU.ActiveCfg = Release|Any CPU
		{0316A1E5-1076-467E-B2E7-B2624117BA5A}.Release|Any CPU.Build.0 = Release|Any CPU
	EndGlobalSection
	GlobalSection(SolutionProperties) = preSolution
		HideSolutionNode = FALSE
	EndGlobalSection
	GlobalSection(NestedProjects) = preSolution
		{972631F8-E2AB-41E5-9FC2-034E11BD4259} = {DC067A9B-D62A-4745-BB12-7EAE433C22F9}
	EndGlobalSection
EndGlobal
